
Microsoft Visual Studio Solution File, Format Version 12.00
# Visual Studio 15
VisualStudioVersion = 15.0.28010.2048
MinimumVisualStudioVersion = 10.0.40219.1
Project("{9A19103F-16F7-4668-BE54-9A1E7A4F7556}") = "test", "test.csproj", "{772089A6-4B58-4DBC-A3E6-F92414559EC6}"
EndProject
Global
	GlobalSection(SolutionConfigurationPlatforms) = preSolution
		Debug|Any CPU = Debug|Any CPU
		Release|Any CPU = Release|Any CPU
	EndGlobalSection
	GlobalSection(ProjectConfigurationPlatforms) = postSolution
		{772089A6-4B58-4DBC-A3E6-F92414559EC6}.Debug|Any CPU.ActiveCfg = Debug|Any CPU
		{772089A6-4B58-4DBC-A3E6-F92414559EC6}.Debug|Any CPU.Build.0 = Debug|Any CPU
		{772089A6-4B58-4DBC-A3E6-F92414559EC6}.Release|Any CPU.ActiveCfg = Release|Any CPU
		{772089A6-4B58-4DBC-A3E6-F92414559EC6}.Release|Any CPU.Build.0 = Release|Any CPU
	EndGlobalSection
	GlobalSection(SolutionProperties) = preSolution
		HideSolutionNode = FALSE
	EndGlobalSection
	GlobalSection(ExtensibilityGlobals) = postSolution
		SolutionGuid = {934C114E-1F7E-4A40-8FF9-9F625FE5A51E}
	EndGlobalSection
EndGlobal
